
Microsoft Visual Studio Solution File, Format Version 12.00
# Visual Studio 15
Project("{FAE04EC0-301F-11D3-BF4B-00C04F79EFBC}") = "Assembly-CSharp", "Assembly-CSharp.csproj", "{FBBC065F-91BC-3CD7-1200-AC2BFD419B21}"
EndProject
Project("{FAE04EC0-301F-11D3-BF4B-00C04F79EFBC}") = "Assembly-CSharp-Editor", "Assembly-CSharp-Editor.csproj", "{1405A920-3080-A221-28B4-B4E71586173F}"
EndProject
Global
	GlobalSection(SolutionConfigurationPlatforms) = preSolution
		Debug|Any CPU = Debug|Any CPU
		Release|Any CPU = Release|Any CPU
	EndGlobalSection
	GlobalSection(ProjectConfigurationPlatforms) = postSolution
		{FBBC065F-91BC-3CD7-1200-AC2BFD419B21}.Debug|Any CPU.ActiveCfg = Debug|Any CPU
		{FBBC065F-91BC-3CD7-1200-AC2BFD419B21}.Debug|Any CPU.Build.0 = Debug|Any CPU
		{FBBC065F-91BC-3CD7-1200-AC2BFD419B21}.Release|Any CPU.ActiveCfg = Release|Any CPU
		{FBBC065F-91BC-3CD7-1200-AC2BFD419B21}.Release|Any CPU.Build.0 = Release|Any CPU
		{1405A920-3080-A221-28B4-B4E71586173F}.Debug|Any CPU.ActiveCfg = Debug|Any CPU
		{1405A920-3080-A221-28B4-B4E71586173F}.Debug|Any CPU.Build.0 = Debug|Any CPU
		{1405A920-3080-A221-28B4-B4E71586173F}.Release|Any CPU.ActiveCfg = Release|Any CPU
		{1405A920-3080-A221-28B4-B4E71586173F}.Release|Any CPU.Build.0 = Release|Any CPU
	EndGlobalSection
	GlobalSection(SolutionProperties) = preSolution
		HideSolutionNode = FALSE
	EndGlobalSection
EndGlobal
